Microsoft Visual Studio Solution File, Format Version 8.00
Project("{FAE04EC0-301F-11D3-BF4B-00C04F79EFBC}") = "ConsoleApplication3", "ConsoleApplication3.csproj", "{6552FF19-C23C-40AE-83F6-D22CC803766A}"
	ProjectSection(ProjectDependencies) = postProject
	EndProjectSection
EndProject
Global
	GlobalSection(SolutionConfiguration) = preSolution
		Debug = Debug
		Release = Release
	EndGlobalSection
	GlobalSection(ProjectConfiguration) = postSolution
		{6552FF19-C23C-40AE-83F6-D22CC803766A}.Debug.ActiveCfg = Debug|.NET
		{6552FF19-C23C-40AE-83F6-D22CC803766A}.Debug.Build.0 = Debug|.NET
		{6552FF19-C23C-40AE-83F6-D22CC803766A}.Release.ActiveCfg = Release|.NET
		{6552FF19-C23C-40AE-83F6-D22CC803766A}.Release.Build.0 = Release|.NET
	EndGlobalSection
	GlobalSection(ExtensibilityGlobals) = postSolution
	EndGlobalSection
	GlobalSection(ExtensibilityAddIns) = postSolution
	EndGlobalSection
EndGlobal
